
Microsoft Visual Studio Solution File, Format Version 12.00
# Visual Studio Version 17
VisualStudioVersion = 17.0.31903.59
MinimumVisualStudioVersion = 10.0.40219.1
Project("{FAE04EC0-301F-11D3-BF4B-00C04F79EFBC}") = "KyhFunktionsLabbar", "KyhFunktionsLabbar\KyhFunktionsLabbar.csproj", "{C8B6D506-4B35-42CE-B8F2-1B50260A104A}"
EndProject
Global
	GlobalSection(SolutionConfigurationPlatforms) = preSolution
		Debug|Any CPU = Debug|Any CPU
		Release|Any CPU = Release|Any CPU
	EndGlobalSection
	GlobalSection(ProjectConfigurationPlatforms) = postSolution
		{C8B6D506-4B35-42CE-B8F2-1B50260A104A}.Debug|Any CPU.ActiveCfg = Debug|Any CPU
		{C8B6D506-4B35-42CE-B8F2-1B50260A104A}.Debug|Any CPU.Build.0 = Debug|Any CPU
		{C8B6D506-4B35-42CE-B8F2-1B50260A104A}.Release|Any CPU.ActiveCfg = Release|Any CPU
		{C8B6D506-4B35-42CE-B8F2-1B50260A104A}.Release|Any CPU.Build.0 = Release|Any CPU
	EndGlobalSection
	GlobalSection(SolutionProperties) = preSolution
		HideSolutionNode = FALSE
	EndGlobalSection
	GlobalSection(ExtensibilityGlobals) = postSolution
		SolutionGuid = {DF45F330-5AB7-469E-99B5-331A739C52EC}
	EndGlobalSection
EndGlobal
